// !$*UTF8*$!
{
	archiveVersion = 1;
	classes = {
	};
	objectVersion = 50;
	objects = {

/* Begin PBXBuildFile section */
		2812FD4C221E059E00F40444 /* AppDelegate.swift in Sources */ = {isa = PBXBuildFile; fileRef = 2812FD4B221E059E00F40444 /* AppDelegate.swift */; };
		2812FD4E221E059E00F40444 /* ViewController.swift in Sources */ = {isa = PBXBuildFile; fileRef = 2812FD4D221E059E00F40444 /* ViewController.swift */; };
		2812FD51221E059E00F40444 /* Main.storyboard in Resources */ = {isa = PBXBuildFile; fileRef = 2812FD4F221E059E00F40444 /* Main.storyboard */; };
		2812FD53221E05A200F40444 /* Assets.xcassets in Resources */ = {isa = PBXBuildFile; fileRef = 2812FD52221E05A200F40444 /* Assets.xcassets */; };
		2812FD56221E05A200F40444 /* LaunchScreen.storyboard in Resources */ = {isa = PBXBuildFile; fileRef = 2812FD54221E05A200F40444 /* LaunchScreen.storyboard */; };
		2812FD61221E05A200F40444 /* Mario_KartTests.swift in Sources */ = {isa = PBXBuildFile; fileRef = 2812FD60221E05A200F40444 /* Mario_KartTests.swift */; };
		2812FD6C221E05A300F40444 /* Mario_KartUITests.swift in Sources */ = {isa = PBXBuildFile; fileRef = 2812FD6B221E05A300F40444 /* Mario_KartUITests.swift */; };
/* End PBXBuildFile section */

/* Begin PBXContainerItemProxy section */
		2812FD5D221E05A200F40444 /* PBXContainerItemProxy */ = {
			isa = PBXContainerItemProxy;
			containerPortal = 2812FD40221E059E00F40444 /* Project object */;
			proxyType = 1;
			remoteGlobalIDString = 2812FD47221E059E00F40444;
			remoteInfo = "Mario Kart";
		};
		2812FD68221E05A200F40444 /* PBXContainerItemProxy */ = {
			isa = PBXContainerItemProxy;
			containerPortal = 2812FD40221E059E00F40444 /* Project object */;
			proxyType = 1;
			remoteGlobalIDString = 2812FD47221E059E00F40444;
			remoteInfo = "Mario Kart";
		};
/* End PBXContainerItemProxy section */

/* Begin PBXFileReference section */
		2812FD48221E059E00F40444 /* Mario Kart.app */ = {isa = PBXFileReference; explicitFileType = wrapper.application; includeInIndex = 0; path = "Mario Kart.app"; sourceTree = BUILT_PRODUCTS_DIR; };
		2812FD4B221E059E00F40444 /* AppDelegate.swift */ = {isa = PBXFileReference; lastKnownFileType = sourcecode.swift; path = AppDelegate.swift; sourceTree = "<group>"; };
		2812FD4D221E059E00F40444 /* ViewController.swift */ = {isa = PBXFileReference; lastKnownFileType = sourcecode.swift; path = ViewController.swift; sourceTree = "<group>"; };
		2812FD50221E059E00F40444 /* Base */ = {isa = PBXFileReference; lastKnownFileType = file.storyboard; name = Base; path = Base.lproj/Main.storyboard; sourceTree = "<group>"; };
		2812FD52221E05A200F40444 /* Assets.xcassets */ = {isa = PBXFileReference; lastKnownFileType = folder.assetcatalog; path = Assets.xcassets; sourceTree = "<group>"; };
		2812FD55221E05A200F40444 /* Base */ = {isa = PBXFileReference; lastKnownFileType = file.storyboard; name = Base; path = Base.lproj/LaunchScreen.storyboard; sourceTree = "<group>"; };
		2812FD57221E05A200F40444 /* Info.plist */ = {isa = PBXFileReference; lastKnownFileType = text.plist.xml; path = Info.plist; sourceTree = "<group>"; };
		2812FD5C221E05A200F40444 /* Mario KartTests.xctest */ = {isa = PBXFileReference; explicitFileType = wrapper.cfbundle; includeInIndex = 0; path = "Mario KartTests.xctest"; sourceTree = BUILT_PRODUCTS_DIR; };
		2812FD60221E05A200F40444 /* Mario_KartTests.swift */ = {isa = PBXFileReference; lastKnownFileType = sourcecode.swift; path = Mario_KartTests.swift; sourceTree = "<group>"; };
		2812FD62221E05A200F40444 /* Info.plist */ = {isa = PBXFileReference; lastKnownFileType = text.plist.xml; path = Info.plist; sourceTree = "<group>"; };
		2812FD67221E05A200F40444 /* Mario KartUITests.xctest */ = {isa = PBXFileReference; explicitFileType = wrapper.cfbundle; includeInIndex = 0; path = "Mario KartUITests.xctest"; sourceTree = BUILT_PRODUCTS_DIR; };
		2812FD6B221E05A300F40444 /* Mario_KartUITests.swift */ = {isa = PBXFileReference; lastKnownFileType = sourcecode.swift; path = Mario_KartUITests.swift; sourceTree = "<group>"; };
		2812FD6D221E05A300F40444 /* Info.plist */ = {isa = PBXFileReference; lastKnownFileType = text.plist.xml; path = Info.plist; sourceTree = "<group>"; };
/* End PBXFileReference section */

/* Begin PBXFrameworksBuildPhase section */
		2812FD45221E059E00F40444 /* Frameworks */ = {
			isa = PBXFrameworksBuildPhase;
			buildActionMask = 2147483647;
			files = (
			);
			runOnlyForDeploymentPostprocessing = 0;
		};
		2812FD59221E05A200F40444 /* Frameworks */ = {
			isa = PBXFrameworksBuildPhase;
			buildActionMask = 2147483647;
			files = (
			);
			runOnlyForDeploymentPostprocessing = 0;
		};
		2812FD64221E05A200F40444 /* Frameworks */ = {
			isa = PBXFrameworksBuildPhase;
			buildActionMask = 2147483647;
			files = (
			);
			runOnlyForDeploymentPostprocessing = 0;
		};
/* End PBXFrameworksBuildPhase section */

/* Begin PBXGroup section */
		2812FD3F221E059E00F40444 = {
			isa = PBXGroup;
			children = (
				2812FD4A221E059E00F40444 /* Mario Kart */,
				2812FD5F221E05A200F40444 /* Mario KartTests */,
				2812FD6A221E05A200F40444 /* Mario KartUITests */,
				2812FD49221E059E00F40444 /* Products */,
			);
			sourceTree = "<group>";
		};
		2812FD49221E059E00F40444 /* Products */ = {
			isa = PBXGroup;
			children = (
				2812FD48221E059E00F40444 /* Mario Kart.app */,
				2812FD5C221E05A200F40444 /* Mario KartTests.xctest */,
				2812FD67221E05A200F40444 /* Mario KartUITests.xctest */,
			);
			name = Products;
			sourceTree = "<group>";
		};
		2812FD4A221E059E00F40444 /* Mario Kart */ = {
			isa = PBXGroup;
			children = (
				2812FD4B221E059E00F40444 /* AppDelegate.swift */,
				2812FD4D221E059E00F40444 /* ViewController.swift */,
				2812FD4F221E059E00F40444 /* Main.storyboard */,
				2812FD52221E05A200F40444 /* Assets.xcassets */,
				2812FD54221E05A200F40444 /* LaunchScreen.storyboard */,
				2812FD57221E05A200F40444 /* Info.plist */,
			);
			path = "Mario Kart";
			sourceTree = "<group>";
		};
		2812FD5F221E05A200F40444 /* Mario KartTests */ = {
			isa = PBXGroup;
			children = (
				2812FD60221E05A200F40444 /* Mario_KartTests.swift */,
				2812FD62221E05A200F40444 /* Info.plist */,
			);
			path = "Mario KartTests";
			sourceTree = "<group>";
		};
		2812FD6A221E05A200F40444 /* Mario KartUITests */ = {
			isa = PBXGroup;
			children = (
				2812FD6B221E05A300F40444 /* Mario_KartUITests.swift */,
				2812FD6D221E05A300F40444 /* Info.plist */,
			);
			path = "Mario KartUITests";
			sourceTree = "<group>";
		};
/* End PBXGroup section */

/* Begin PBXNativeTarget section */
		2812FD47221E059E00F40444 /* Mario Kart */ = {
			isa = PBXNativeTarget;
			buildConfigurationList = 2812FD70221E05A300F40444 /* Build configuration list for PBXNativeTarget "Mario Kart" */;
			buildPhases = (
				2812FD44221E059E00F40444 /* Sources */,
				2812FD45221E059E00F40444 /* Frameworks */,
				2812FD46221E059E00F40444 /* Resources */,
			);
			buildRules = (
			);
			dependencies = (
			);
			name = "Mario Kart";
			productName = "Mario Kart";
			productReference = 2812FD48221E059E00F40444 /* Mario Kart.app */;
			productType = "com.apple.product-type.application";
		};
		2812FD5B221E05A200F40444 /* Mario KartTests */ = {
			isa = PBXNativeTarget;
			buildConfigurationList = 2812FD73221E05A300F40444 /* Build configuration list for PBXNativeTarget "Mario KartTests" */;
			buildPhases = (
				2812FD58221E05A200F40444 /* Sources */,
				2812FD59221E05A200F40444 /* Frameworks */,
				2812FD5A221E05A200F40444 /* Resources */,
			);
			buildRules = (
			);
			dependencies = (
				2812FD5E221E05A200F40444 /* PBXTargetDependency */,
			);
			name = "Mario KartTests";
			productName = "Mario KartTests";
			productReference = 2812FD5C221E05A200F40444 /* Mario KartTests.xctest */;
			productType = "com.apple.product-type.bundle.unit-test";
		};
		2812FD66221E05A200F40444 /* Mario KartUITests */ = {
			isa = PBXNativeTarget;
			buildConfigurationList = 2812FD76221E05A300F40444 /* Build configuration list for PBXNativeTarget "Mario KartUITests" */;
			buildPhases = (
				2812FD63221E05A200F40444 /* Sources */,
				2812FD64221E05A200F40444 /* Frameworks */,
				2812FD65221E05A200F40444 /* Resources */,
			);
			buildRules = (
			);
			dependencies = (
				2812FD69221E05A200F40444 /* PBXTargetDependency */,
			);
			name = "Mario KartUITests";
			productName = "Mario KartUITests";
			productReference = 2812FD67221E05A200F40444 /* Mario KartUITests.xctest */;
			productType = "com.apple.product-type.bundle.ui-testing";
		};
/* End PBXNativeTarget section */

/* Begin PBXProject section */
		2812FD40221E059E00F40444 /* Project object */ = {
			isa = PBXProject;
			attributes = {
				LastSwiftUpdateCheck = 1010;
				LastUpgradeCheck = 1010;
				ORGANIZATIONNAME = Remberto;
				TargetAttributes = {
					2812FD47221E059E00F40444 = {
						CreatedOnToolsVersion = 10.1;
					};
					2812FD5B221E05A200F40444 = {
						CreatedOnToolsVersion = 10.1;
						TestTargetID = 2812FD47221E059E00F40444;
					};
					2812FD66221E05A200F40444 = {
						CreatedOnToolsVersion = 10.1;
						TestTargetID = 2812FD47221E059E00F40444;
					};
				};
			};
			buildConfigurationList = 2812FD43221E059E00F40444 /* Build configuration list for PBXProject "Mario Kart" */;
			compatibilityVersion = "Xcode 9.3";
			developmentRegion = en;
			hasScannedForEncodings = 0;
			knownRegions = (
				en,
				Base,
			);
			mainGroup = 2812FD3F221E059E00F40444;
			productRefGroup = 2812FD49221E059E00F40444 /* Products */;
			projectDirPath = "";
			projectRoot = "";
			targets = (
				2812FD47221E059E00F40444 /* Mario Kart */,
				2812FD5B221E05A200F40444 /* Mario KartTests */,
				2812FD66221E05A200F40444 /* Mario KartUITests */,
			);
		};
/* End PBXProject section */

/* Begin PBXResourcesBuildPhase section */
		2812FD46221E059E00F40444 /* Resources */ = {
			isa = PBXResourcesBuildPhase;
			buildActionMask = 2147483647;
			files = (
				2812FD56221E05A200F40444 /* LaunchScreen.storyboard in Resources */,
				2812FD53221E05A200F40444 /* Assets.xcassets in Resources */,
				2812FD51221E059E00F40444 /* Main.storyboard in Resources */,
			);
			runOnlyForDeploymentPostprocessing = 0;
		};
		2812FD5A221E05A200F40444 /* Resources */ = {
			isa = PBXResourcesBuildPhase;
			buildActionMask = 2147483647;
			files = (
			);
			runOnlyForDeploymentPostprocessing = 0;
		};
		2812FD65221E05A200F40444 /* Resources */ = {
			isa = PBXResourcesBuildPhase;
			buildActionMask = 2147483647;
			files = (
			);
			runOnlyForDeploymentPostprocessing = 0;
		};
/* End PBXResourcesBuildPhase section */

/* Begin PBXSourcesBuildPhase section */
		2812FD44221E059E00F40444 /* Sources */ = {
			isa = PBXSourcesBuildPhase;
			buildActionMask = 2147483647;
			files = (
				2812FD4E221E059E00F40444 /* ViewController.swift in Sources */,
				2812FD4C221E059E00F40444 /* AppDelegate.swift in Sources */,
			);
			runOnlyForDeploymentPostprocessing = 0;
		};
		2812FD58221E05A200F40444 /* Sources */ = {
			isa = PBXSourcesBuildPhase;
			buildActionMask = 2147483647;
			files = (
				2812FD61221E05A200F40444 /* Mario_KartTests.swift in Sources */,
			);
			runOnlyForDeploymentPostprocessing = 0;
		};
		2812FD63221E05A200F40444 /* Sources */ = {
			isa = PBXSourcesBuildPhase;
			buildActionMask = 2147483647;
			files = (
				2812FD6C221E05A300F40444 /* Mario_KartUITests.swift in Sources */,
			);
			runOnlyForDeploymentPostprocessing = 0;
		};
/* End PBXSourcesBuildPhase section */

/* Begin PBXTargetDependency section */
		2812FD5E221E05A200F40444 /* PBXTargetDependency */ = {
			isa = PBXTargetDependency;
			target = 2812FD47221E059E00F40444 /* Mario Kart */;
			targetProxy = 2812FD5D221E05A200F40444 /* PBXContainerItemProxy */;
		};
		2812FD69221E05A200F40444 /* PBXTargetDependency */ = {
			isa = PBXTargetDependency;
			target = 2812FD47221E059E00F40444 /* Mario Kart */;
			targetProxy = 2812FD68221E05A200F40444 /* PBXContainerItemProxy */;
		};
/* End PBXTargetDependency section */

/* Begin PBXVariantGroup section */
		2812FD4F221E059E00F40444 /* Main.storyboard */ = {
			isa = PBXVariantGroup;
			children = (
				2812FD50221E059E00F40444 /* Base */,
			);
			name = Main.storyboard;
			sourceTree = "<group>";
		};
		2812FD54221E05A200F40444 /* LaunchScreen.storyboard */ = {
			isa = PBXVariantGroup;
			children = (
				2812FD55221E05A200F40444 /* Base */,
			);
			name = LaunchScreen.storyboard;
			sourceTree = "<group>";
		};
/* End PBXVariantGroup section */

/* Begin XCBuildConfiguration section */
		2812FD6E221E05A300F40444 /* Debug */ = {
			isa = XCBuildConfiguration;
			buildSettings = {
				ALWAYS_SEARCH_USER_PATHS = NO;
				CLANG_ANALYZER_NONNULL = YES;
				CLANG_ANALYZER_NUMBER_OBJECT_CONVERSION = YES_AGGRESSIVE;
				CLANG_CXX_LANGUAGE_STANDARD = "gnu++14";
				CLANG_CXX_LIBRARY = "libc++";
				CLANG_ENABLE_MODULES = YES;
				CLANG_ENABLE_OBJC_ARC = YES;
				CLANG_ENABLE_OBJC_WEAK = YES;
				CLANG_WARN_BLOCK_CAPTURE_AUTORELEASING = YES;
				CLANG_WARN_BOOL_CONVERSION = YES;
				CLANG_WARN_COMMA = YES;
				CLANG_WARN_CONSTANT_CONVERSION = YES;
				CLANG_WARN_DEPRECATED_OBJC_IMPLEMENTATIONS = YES;
				CLANG_WARN_DIRECT_OBJC_ISA_USAGE = YES_ERROR;
				CLANG_WARN_DOCUMENTATION_COMMENTS = YES;
				CLANG_WARN_EMPTY_BODY = YES;
				CLANG_WARN_ENUM_CONVERSION = YES;
				CLANG_WARN_INFINITE_RECURSION = YES;
				CLANG_WARN_INT_CONVERSION = YES;
				CLANG_WARN_NON_LITERAL_NULL_CONVERSION = YES;
				CLANG_WARN_OBJC_IMPLICIT_RETAIN_SELF = YES;
				CLANG_WARN_OBJC_LITERAL_CONVERSION = YES;
				CLANG_WARN_OBJC_ROOT_CLASS = YES_ERROR;
				CLANG_WARN_RANGE_LOOP_ANALYSIS = YES;
				CLANG_WARN_STRICT_PROTOTYPES = YES;
				CLANG_WARN_SUSPICIOUS_MOVE = YES;
				CLANG_WARN_UNGUARDED_AVAILABILITY = YES_AGGRESSIVE;
				CLANG_WARN_UNREACHABLE_CODE = YES;
				CLANG_WARN__DUPLICATE_METHOD_MATCH = YES;
				CODE_SIGN_IDENTITY = "iPhone Developer";
				COPY_PHASE_STRIP = NO;
				DEBUG_INFORMATION_FORMAT = dwarf;
				ENABLE_STRICT_OBJC_MSGSEND = YES;
				ENABLE_TESTABILITY = YES;
				GCC_C_LANGUAGE_STANDARD = gnu11;
				GCC_DYNAMIC_NO_PIC = NO;
				GCC_NO_COMMON_BLOCKS = YES;
				GCC_OPTIMIZATION_LEVEL = 0;
				GCC_PREPROCESSOR_DEFINITIONS = (
					"DEBUG=1",
					"$(inherited)",
				);
				GCC_WARN_64_TO_32_BIT_CONVERSION = YES;
				GCC_WARN_ABOUT_RETURN_TYPE = YES_ERROR;
				GCC_WARN_UNDECLARED_SELECTOR = YES;
				GCC_WARN_UNINITIALIZED_AUTOS = YES_AGGRESSIVE;
				GCC_WARN_UNUSED_FUNCTION = YES;
				GCC_WARN_UNUSED_VARIABLE = YES;
				IPHONEOS_DEPLOYMENT_TARGET = 12.1;
				MTL_ENABLE_DEBUG_INFO = INCLUDE_SOURCE;
				MTL_FAST_MATH = YES;
				ONLY_ACTIVE_ARCH = YES;
				SDKROOT = iphoneos;
				SWIFT_ACTIVE_COMPILATION_CONDITIONS = DEBUG;
				SWIFT_OPTIMIZATION_LEVEL = "-Onone";
			};
			name = Debug;
		};
		2812FD6F221E05A300F40444 /* Release */ = {
			isa = XCBuildConfiguration;
			buildSettings = {
				ALWAYS_SEARCH_USER_PATHS = NO;
				CLANG_ANALYZER_NONNULL = YES;
				CLANG_ANALYZER_NUMBER_OBJECT_CONVERSION = YES_AGGRESSIVE;
				CLANG_CXX_LANGUAGE_STANDARD = "gnu++14";
				CLANG_CXX_LIBRARY = "libc++";
				CLANG_ENABLE_MODULES = YES;
				CLANG_ENABLE_OBJC_ARC = YES;
				CLANG_ENABLE_OBJC_WEAK = YES;
				CLANG_WARN_BLOCK_CAPTURE_AUTORELEASING = YES;
				CLANG_WARN_BOOL_CONVERSION = YES;
				CLANG_WARN_COMMA = YES;
				CLANG_WARN_CONSTANT_CONVERSION = YES;
				CLANG_WARN_DEPRECATED_OBJC_IMPLEMENTATIONS = YES;
				CLANG_WARN_DIRECT_OBJC_ISA_USAGE = YES_ERROR;
				CLANG_WARN_DOCUMENTATION_COMMENTS = YES;
				CLANG_WARN_EMPTY_BODY = YES;
				CLANG_WARN_ENUM_CONVERSION = YES;
				CLANG_WARN_INFINITE_RECURSION = YES;
				CLANG_WARN_INT_CONVERSION = YES;
				CLANG_WARN_NON_LITERAL_NULL_CONVERSION = YES;
				CLANG_WARN_OBJC_IMPLICIT_RETAIN_SELF = YES;
				CLANG_WARN_OBJC_LITERAL_CONVERSION = YES;
				CLANG_WARN_OBJC_ROOT_CLASS = YES_ERROR;
				CLANG_WARN_RANGE_LOOP_ANALYSIS = YES;
				CLANG_WARN_STRICT_PROTOTYPES = YES;
				CLANG_WARN_SUSPICIOUS_MOVE = YES;
				CLANG_WARN_UNGUARDED_AVAILABILITY = YES_AGGRESSIVE;
				CLANG_WARN_UNREACHABLE_CODE = YES;
				CLANG_WARN__DUPLICATE_METHOD_MATCH = YES;
				CODE_SIGN_IDENTITY = "iPhone Developer";
				COPY_PHASE_STRIP = NO;
				DEBUG_INFORMATION_FORMAT = "dwarf-with-dsym";
				ENABLE_NS_ASSERTIONS = NO;
				ENABLE_STRICT_OBJC_MSGSEND = YES;
				GCC_C_LANGUAGE_STANDARD = gnu11;
				GCC_NO_COMMON_BLOCKS = YES;
				GCC_WARN_64_TO_32_BIT_CONVERSION = YES;
				GCC_WARN_ABOUT_RETURN_TYPE = YES_ERROR;
				GCC_WARN_UNDECLARED_SELECTOR = YES;
				GCC_WARN_UNINITIALIZED_AUTOS = YES_AGGRESSIVE;
				GCC_WARN_UNUSED_FUNCTION = YES;
				GCC_WARN_UNUSED_VARIABLE = YES;
				IPHONEOS_DEPLOYMENT_TARGET = 12.1;
				MTL_ENABLE_DEBUG_INFO = NO;
				MTL_FAST_MATH = YES;
				SDKROOT = iphoneos;
				SWIFT_COMPILATION_MODE = wholemodule;
				SWIFT_OPTIMIZATION_LEVEL = "-O";
				VALIDATE_PRODUCT = YES;
			};
			name = Release;
		};
		2812FD71221E05A300F40444 /* Debug */ = {
			isa = XCBuildConfiguration;
			buildSettings = {
				ASSETCATALOG_COMPILER_APPICON_NAME = AppIcon;
				CODE_SIGN_STYLE = Automatic;
				DEVELOPMENT_TEAM = 8KS89M4CWF;
				INFOPLIST_FILE = "Mario Kart/Info.plist";
				LD_RUNPATH_SEARCH_PATHS = (
					"$(inherited)",
					"@executable_path/Frameworks",
				);
				PRODUCT_BUNDLE_IDENTIFIER = "rjnl.Mario-Kart";
				PRODUCT_NAME = "$(TARGET_NAME)";
				SWIFT_VERSION = 4.2;
				TARGETED_DEVICE_FAMILY = "1,2";
			};
			name = Debug;
		};
		2812FD72221E05A300F40444 /* Release */ = {
			isa = XCBuildConfiguration;
			buildSettings = {
				ASSETCATALOG_COMPILER_APPICON_NAME = AppIcon;
				CODE_SIGN_STYLE = Automatic;
				DEVELOPMENT_TEAM = 8KS89M4CWF;
				INFOPLIST_FILE = "Mario Kart/Info.plist";
				LD_RUNPATH_SEARCH_PATHS = (
					"$(inherited)",
					"@executable_path/Frameworks",
				);
				PRODUCT_BUNDLE_IDENTIFIER = "rjnl.Mario-Kart";
				PRODUCT_NAME = "$(TARGET_NAME)";
				SWIFT_VERSION = 4.2;
				TARGETED_DEVICE_FAMILY = "1,2";
			};
			name = Release;
		};
		2812FD74221E05A300F40444 /* Debug */ = {
			isa = XCBuildConfiguration;
			buildSettings = {
				ALWAYS_EMBED_SWIFT_STANDARD_LIBRARIES = YES;
				BUNDLE_LOADER = "$(TEST_HOST)";
				CODE_SIGN_STYLE = Automatic;
				DEVELOPMENT_TEAM = 8KS89M4CWF;
				INFOPLIST_FILE = "Mario KartTests/Info.plist";
				LD_RUNPATH_SEARCH_PATHS = (
					"$(inherited)",
					"@executable_path/Frameworks",
					"@loader_path/Frameworks",
				);
				PRODUCT_BUNDLE_IDENTIFIER = "rjnl.Mario-KartTests";
				PRODUCT_NAME = "$(TARGET_NAME)";
				SWIFT_VERSION = 4.2;
				TARGETED_DEVICE_FAMILY = "1,2";
				TEST_HOST = "$(BUILT_PRODUCTS_DIR)/Mario Kart.app/Mario Kart";
			};
			name = Debug;
		};
		2812FD75221E05A300F40444 /* Release */ = {
			isa = XCBuildConfiguration;
			buildSettings = {
				ALWAYS_EMBED_SWIFT_STANDARD_LIBRARIES = YES;
				BUNDLE_LOADER = "$(TEST_HOST)";
				CODE_SIGN_STYLE = Automatic;
				DEVELOPMENT_TEAM = 8KS89M4CWF;
				INFOPLIST_FILE = "Mario KartTests/Info.plist";
				LD_RUNPATH_SEARCH_PATHS = (
					"$(inherited)",
					"@executable_path/Frameworks",
					"@loader_path/Frameworks",
				);
				PRODUCT_BUNDLE_IDENTIFIER = "rjnl.Mario-KartTests";
				PRODUCT_NAME = "$(TARGET_NAME)";
				SWIFT_VERSION = 4.2;
				TARGETED_DEVICE_FAMILY = "1,2";
				TEST_HOST = "$(BUILT_PRODUCTS_DIR)/Mario Kart.app/Mario Kart";
			};
			name = Release;
		};
		2812FD77221E05A300F40444 /* Debug */ = {
			isa = XCBuildConfiguration;
			buildSettings = {
				ALWAYS_EMBED_SWIFT_STANDARD_LIBRARIES = YES;
				CODE_SIGN_STYLE = Automatic;
				DEVELOPMENT_TEAM = 8KS89M4CWF;
				INFOPLIST_FILE = "Mario KartUITests/Info.plist";
				LD_RUNPATH_SEARCH_PATHS = (
					"$(inherited)",
					"@executable_path/Frameworks",
					"@loader_path/Frameworks",
				);
				PRODUCT_BUNDLE_IDENTIFIER = "rjnl.Mario-KartUITests";
				PRODUCT_NAME = "$(TARGET_NAME)";
				SWIFT_VERSION = 4.2;
				TARGETED_DEVICE_FAMILY = "1,2";
				TEST_TARGET_NAME = "Mario Kart";
			};
			name = Debug;
		};
		2812FD78221E05A300F40444 /* Release */ = {
			isa = XCBuildConfiguration;
			buildSettings = {
				ALWAYS_EMBED_SWIFT_STANDARD_LIBRARIES = YES;
				CODE_SIGN_STYLE = Automatic;
				DEVELOPMENT_TEAM = 8KS89M4CWF;
				INFOPLIST_FILE = "Mario KartUITests/Info.plist";
				LD_RUNPATH_SEARCH_PATHS = (
					"$(inherited)",
					"@executable_path/Frameworks",
					"@loader_path/Frameworks",
				);
				PRODUCT_BUNDLE_IDENTIFIER = "rjnl.Mario-KartUITests";
				PRODUCT_NAME = "$(TARGET_NAME)";
				SWIFT_VERSION = 4.2;
				TARGETED_DEVICE_FAMILY = "1,2";
				TEST_TARGET_NAME = "Mario Kart";
			};
			name = Release;
		};
/* End XCBuildConfiguration section */

/* Begin XCConfigurationList section */
		2812FD43221E059E00F40444 /* Build configuration list for PBXProject "Mario Kart" */ = {
			isa = XCConfigurationList;
			buildConfigurations = (
				2812FD6E221E05A300F40444 /* Debug */,
				2812FD6F221E05A300F40444 /* Release */,
			);
			defaultConfigurationIsVisible = 0;
			defaultConfigurationName = Release;
		};
		2812FD70221E05A300F40444 /* Build configuration list for PBXNativeTarget "Mario Kart" */ = {
			isa = XCConfigurationList;
			buildConfigurations = (
				2812FD71221E05A300F40444 /* Debug */,
				2812FD72221E05A300F40444 /* Release */,
			);
			defaultConfigurationIsVisible = 0;
			defaultConfigurationName = Release;
		};
		2812FD73221E05A300F40444 /* Build configuration list for PBXNativeTarget "Mario KartTests" */ = {
			isa = XCConfigurationList;
			buildConfigurations = (
				2812FD74221E05A300F40444 /* Debug */,
				2812FD75221E05A300F40444 /* Release */,
			);
			defaultConfigurationIsVisible = 0;
			defaultConfigurationName = Release;
		};
		2812FD76221E05A300F40444 /* Build configuration list for PBXNativeTarget "Mario KartUITests" */ = {
			isa = XCConfigurationList;
			buildConfigurations = (
				2812FD77221E05A300F40444 /* Debug */,
				2812FD78221E05A300F40444 /* Release */,
			);
			defaultConfigurationIsVisible = 0;
			defaultConfigurationName = Release;
		};
/* End XCConfigurationList section */
	};
	rootObject = 2812FD40221E059E00F40444 /* Project object */;
}
